{
  "name": "@votre-assistant-virtuel/landing",
  "version": "1.0.0",
  "lockfileVersion": 3,
  "requires": true,
  "packages": {
    "": {
      "name": "@votre-assistant-virtuel/landing",
      "version": "1.0.0",
      "hasInstallScript": true,
      "dependencies": {
        "nuxt": "^3.10.3",
        "vue": "^3.4.21"
      },
      "devDependencies": {
        "@nuxt/devtools": "^1.0.8",
        "@nuxtjs/tailwindcss": "^6.11.4",
        "@types/node": "^20.11.19",
        "autoprefixer": "^10.4.18",
        "postcss": "^8.4.35",
        "tailwindcss": "^3.4.1",
        "typescript": "^5.3.3"
      }
    },
    "../../node_modules/.pnpm/@nuxt+devtools@1.7.0_rollup@4.53.3_vite@7.2.7_vue@3.5.25/node_modules/@nuxt/devtools": {
      "version": "1.7.0",
      "dev": true,
      "license": "MIT",
      "dependencies": {
        "@antfu/utils": "^0.7.10",
        "@nuxt/devtools-kit": "1.7.0",
        "@nuxt/devtools-wizard": "1.7.0",
        "@nuxt/kit": "^3.15.0",
        "@vue/devtools-core": "7.6.8",
        "@vue/devtools-kit": "7.6.8",
        "birpc": "^0.2.19",
        "consola": "^3.3.1",
        "cronstrue": "^2.52.0",
        "destr": "^2.0.3",
        "error-stack-parser-es": "^0.1.5",
        "execa": "^7.2.0",
        "fast-npm-meta": "^0.2.2",
        "flatted": "^3.3.2",
        "get-port-please": "^3.1.2",
        "hookable": "^5.5.3",
        "image-meta": "^0.2.1",
        "is-installed-globally": "^1.0.0",
        "launch-editor": "^2.9.1",
        "local-pkg": "^0.5.1",
        "magicast": "^0.3.5",
        "nypm": "^0.4.1",
        "ohash": "^1.1.4",
        "pathe": "^1.1.2",
        "perfect-debounce": "^1.0.0",
        "pkg-types": "^1.2.1",
        "rc9": "^2.1.2",
        "scule": "^1.3.0",
        "semver": "^7.6.3",
        "simple-git": "^3.27.0",
        "sirv": "^3.0.0",
        "tinyglobby": "^0.2.10",
        "unimport": "^3.14.5",
        "vite-plugin-inspect": "~0.8.9",
        "vite-plugin-vue-inspector": "^5.3.1",
        "which": "^3.0.1",
        "ws": "^8.18.0"
      },
      "bin": {
        "devtools": "cli.mjs"
      },
      "devDependencies": {
        "@iconify-json/bxl": "^1.2.2",
        "@iconify-json/carbon": "^1.2.5",
        "@iconify-json/logos": "^1.2.4",
        "@iconify-json/ri": "^1.2.5",
        "@iconify-json/simple-icons": "^1.2.17",
        "@iconify-json/tabler": "^1.2.13",
        "@nuxt/content": "^2.13.4",
        "@nuxt/devtools": "1.7.0",
        "@nuxt/test-utils": "^3.15.1",
        "@parcel/watcher": "^2.5.0",
        "@types/markdown-it-link-attributes": "^3.0.5",
        "@types/ua-parser-js": "^0.7.39",
        "@unocss/nuxt": "^0.65.3",
        "@unocss/preset-icons": "^0.65.3",
        "@unocss/preset-uno": "^0.65.3",
        "@unocss/runtime": "^0.65.3",
        "@vitest/ui": "^2.1.8",
        "@vue/devtools-applet": "7.6.8",
        "@vueuse/nuxt": "^12.2.0",
        "@xterm/addon-fit": "^0.10.0",
        "@xterm/xterm": "^5.5.0",
        "esno": "^4.8.0",
        "floating-vue": "5.2.2",
        "fuse.js": "^7.0.0",
        "json-editor-vue": "^0.17.3",
        "markdown-it": "^14.1.0",
        "markdown-it-link-attributes": "^4.0.1",
        "nanoid": "^5.0.9",
        "nitropack": "^2.10.4",
        "nuxt": "^3.15.0",
        "ofetch": "^1.4.1",
        "quicktype-core": "^23.0.170",
        "shiki": "^1.24.4",
        "theme-vitesse": "^0.8.3",
        "ua-parser-js": "^1.0.40",
        "unocss": "^0.65.3",
        "unplugin-vue-markdown": "^0.28.0",
        "vanilla-jsoneditor": "^2.3.3",
        "vis-data": "^7.1.9",
        "vis-network": "^9.1.9",
        "vue-tsc": "^2.2.0",
        "vue-virtual-scroller": "2.0.0-beta.8"
      },
      "peerDependencies": {
        "vite": "*"
      }
    },
    "../../node_modules/.pnpm/@nuxtjs+tailwindcss@6.14.0/node_modules/@nuxtjs/tailwindcss": {
      "version": "6.14.0",
      "dev": true,
      "license": "MIT",
      "dependencies": {
        "@nuxt/kit": "^3.16.0",
        "autoprefixer": "^10.4.20",
        "c12": "^3.0.2",
        "consola": "^3.4.0",
        "defu": "^6.1.4",
        "h3": "^1.15.1",
        "klona": "^2.0.6",
        "ohash": "^2.0.11",
        "pathe": "^2.0.3",
        "pkg-types": "^2.1.0",
        "postcss": "^8.5.3",
        "postcss-nesting": "^13.0.1",
        "tailwind-config-viewer": "^2.0.4",
        "tailwindcss": "~3.4.17",
        "ufo": "^1.5.4",
        "unctx": "^2.4.1"
      },
      "devDependencies": {
        "@fontsource/inter": "^5.2.5",
        "@nuxt/content": "^2.13.4",
        "@nuxt/devtools": "^2.2.1",
        "@nuxt/eslint-config": "^0.7.6",
        "@nuxt/module-builder": "^0.8.4",
        "@nuxt/test-utils": "^3.17.1",
        "@tailwindcss/typography": "^0.5.16",
        "changelogen": "^0.5.7",
        "destr": "^2.0.3",
        "eslint": "^9.21.0",
        "happy-dom": "^16.8.1",
        "nuxt": "^3.16.0",
        "typescript": "5.6.3",
        "vitest": "^3.0.8",
        "vue-tsc": "^2.2.8"
      }
    },
    "../../node_modules/.pnpm/@types+node@20.19.26/node_modules/@types/node": {
      "version": "20.19.26",
      "dev": true,
      "license": "MIT",
      "dependencies": {
        "undici-types": "~6.21.0"
      }
    },
    "../../node_modules/.pnpm/autoprefixer@10.4.22_postcss@8.5.6/node_modules/autoprefixer": {
      "version": "10.4.22",
      "dev": true,
      "funding": [
        {
          "type": "opencollective",
          "url": "https://opencollective.com/postcss/"
        },
        {
          "type": "tidelift",
          "url": "https://tidelift.com/funding/github/npm/autoprefixer"
        },
        {
          "type": "github",
          "url": "https://github.com/sponsors/ai"
        }
      ],
      "license": "MIT",
      "dependencies": {
        "browserslist": "^4.27.0",
        "caniuse-lite": "^1.0.30001754",
        "fraction.js": "^5.3.4",
        "normalize-range": "^0.1.2",
        "picocolors": "^1.1.1",
        "postcss-value-parser": "^4.2.0"
      },
      "bin": {
        "autoprefixer": "bin/autoprefixer"
      },
      "engines": {
        "node": "^10 || ^12 || >=14"
      },
      "peerDependencies": {
        "postcss": "^8.1.0"
      }
    },
    "../../node_modules/.pnpm/nuxt@3.20.2_@types+node@20.19.26_@vue+compiler-sfc@3.5.25_typescript@5.8.3_vite@7.2.7/node_modules/nuxt": {
      "version": "3.20.2",
      "license": "MIT",
      "dependencies": {
        "@dxup/nuxt": "^0.2.2",
        "@nuxt/cli": "^3.31.1",
        "@nuxt/devtools": "^3.1.1",
        "@nuxt/kit": "3.20.2",
        "@nuxt/nitro-server": "3.20.2",
        "@nuxt/schema": "3.20.2",
        "@nuxt/telemetry": "^2.6.6",
        "@nuxt/vite-builder": "3.20.2",
        "@unhead/vue": "^2.0.19",
        "@vue/shared": "^3.5.25",
        "c12": "^3.3.2",
        "chokidar": "^5.0.0",
        "compatx": "^0.2.0",
        "consola": "^3.4.2",
        "cookie-es": "^2.0.0",
        "defu": "^6.1.4",
        "destr": "^2.0.5",
        "devalue": "^5.6.0",
        "errx": "^0.1.0",
        "escape-string-regexp": "^5.0.0",
        "exsolve": "^1.0.8",
        "h3": "^1.15.4",
        "hookable": "^5.5.3",
        "ignore": "^7.0.5",
        "impound": "^1.0.0",
        "jiti": "^2.6.1",
        "klona": "^2.0.6",
        "knitwork": "^1.3.0",
        "magic-string": "^0.30.21",
        "mlly": "^1.8.0",
        "nanotar": "^0.2.0",
        "nypm": "^0.6.2",
        "ofetch": "^1.5.1",
        "ohash": "^2.0.11",
        "on-change": "^6.0.1",
        "oxc-minify": "^0.102.0",
        "oxc-parser": "^0.102.0",
        "oxc-transform": "^0.102.0",
        "oxc-walker": "^0.6.0",
        "pathe": "^2.0.3",
        "perfect-debounce": "^2.0.0",
        "pkg-types": "^2.3.0",
        "radix3": "^1.1.2",
        "scule": "^1.3.0",
        "semver": "^7.7.3",
        "std-env": "^3.10.0",
        "tinyglobby": "^0.2.15",
        "ufo": "^1.6.1",
        "ultrahtml": "^1.6.0",
        "uncrypto": "^0.1.3",
        "unctx": "^2.4.1",
        "unimport": "^5.5.0",
        "unplugin": "^2.3.11",
        "unplugin-vue-router": "^0.19.0",
        "untyped": "^2.0.0",
        "vue": "^3.5.25",
        "vue-router": "^4.6.3"
      },
      "bin": {
        "nuxi": "bin/nuxt.mjs",
        "nuxt": "bin/nuxt.mjs"
      },
      "devDependencies": {
        "@nuxt/scripts": "0.13.0",
        "@parcel/watcher": "2.5.1",
        "@types/estree": "1.0.8",
        "@vitejs/plugin-vue": "6.0.2",
        "@vitejs/plugin-vue-jsx": "5.1.2",
        "@vue/compiler-sfc": "3.5.25",
        "unbuild": "3.6.1",
        "vite": "7.2.7",
        "vitest": "3.2.4",
        "vue-bundle-renderer": "2.2.0",
        "vue-sfc-transformer": "0.1.17"
      },
      "engines": {
        "node": "^20.19.0 || >=22.12.0"
      },
      "peerDependencies": {
        "@parcel/watcher": "^2.1.0",
        "@types/node": "^18.0.0 || ^20.0.0 || >=22.0.0"
      },
      "peerDependenciesMeta": {
        "@parcel/watcher": {
          "optional": true
        },
        "@types/node": {
          "optional": true
        }
      }
    },
    "../../node_modules/.pnpm/postcss@8.5.6/node_modules/postcss": {
      "version": "8.5.6",
      "dev": true,
      "funding": [
        {
          "type": "opencollective",
          "url": "https://opencollective.com/postcss/"
        },
        {
          "type": "tidelift",
          "url": "https://tidelift.com/funding/github/npm/postcss"
        },
        {
          "type": "github",
          "url": "https://github.com/sponsors/ai"
        }
      ],
      "license": "MIT",
      "dependencies": {
        "nanoid": "^3.3.11",
        "picocolors": "^1.1.1",
        "source-map-js": "^1.2.1"
      },
      "engines": {
        "node": "^10 || ^12 || >=14"
      }
    },
    "../../node_modules/.pnpm/tailwindcss@3.4.19/node_modules/tailwindcss": {
      "version": "3.4.19",
      "dev": true,
      "license": "MIT",
      "dependencies": {
        "@alloc/quick-lru": "^5.2.0",
        "arg": "^5.0.2",
        "chokidar": "^3.6.0",
        "didyoumean": "^1.2.2",
        "dlv": "^1.1.3",
        "fast-glob": "^3.3.2",
        "glob-parent": "^6.0.2",
        "is-glob": "^4.0.3",
        "jiti": "^1.21.7",
        "lilconfig": "^3.1.3",
        "micromatch": "^4.0.8",
        "normalize-path": "^3.0.0",
        "object-hash": "^3.0.0",
        "picocolors": "^1.1.1",
        "postcss": "^8.4.47",
        "postcss-import": "^15.1.0",
        "postcss-js": "^4.0.1",
        "postcss-load-config": "^4.0.2 || ^5.0 || ^6.0",
        "postcss-nested": "^6.2.0",
        "postcss-selector-parser": "^6.1.2",
        "resolve": "^1.22.8",
        "sucrase": "^3.35.0"
      },
      "bin": {
        "tailwind": "lib/cli.js",
        "tailwindcss": "lib/cli.js"
      },
      "devDependencies": {
        "@swc/cli": "0.1.62",
        "@swc/core": "1.3.55",
        "@swc/jest": "0.2.26",
        "@swc/register": "0.1.10",
        "autoprefixer": "^10.4.20",
        "browserslist": "^4.24.0",
        "concurrently": "^8.2.2",
        "cssnano": "^6.1.2",
        "esbuild": "^0.24.0",
        "eslint": "^8.57.1",
        "eslint-config-prettier": "^8.10.0",
        "eslint-plugin-prettier": "^4.2.1",
        "jest": "^29.7.0",
        "jest-diff": "^29.7.0",
        "lightningcss": "1.27.0",
        "prettier": "^2.8.8",
        "rimraf": "^5.0.10",
        "source-map-js": "^1.2.1",
        "turbo": "^1.13.4"
      },
      "engines": {
        "node": ">=14.0.0"
      }
    },
    "../../node_modules/.pnpm/typescript@5.8.3/node_modules/typescript": {
      "version": "5.8.3",
      "dev": true,
      "license": "Apache-2.0",
      "bin": {
        "tsc": "bin/tsc",
        "tsserver": "bin/tsserver"
      },
      "devDependencies": {
        "@dprint/formatter": "^0.4.1",
        "@dprint/typescript": "0.93.3",
        "@esfx/canceltoken": "^1.0.0",
        "@eslint/js": "^9.17.0",
        "@octokit/rest": "^21.0.2",
        "@types/chai": "^4.3.20",
        "@types/diff": "^5.2.3",
        "@types/minimist": "^1.2.5",
        "@types/mocha": "^10.0.10",
        "@types/ms": "^0.7.34",
        "@types/node": "latest",
        "@types/source-map-support": "^0.5.10",
        "@types/which": "^3.0.4",
        "@typescript-eslint/rule-tester": "^8.18.1",
        "@typescript-eslint/type-utils": "^8.18.1",
        "@typescript-eslint/utils": "^8.18.1",
        "azure-devops-node-api": "^14.1.0",
        "c8": "^10.1.3",
        "chai": "^4.5.0",
        "chalk": "^4.1.2",
        "chokidar": "^3.6.0",
        "diff": "^5.2.0",
        "dprint": "^0.47.6",
        "esbuild": "^0.24.0",
        "eslint": "^9.17.0",
        "eslint-formatter-autolinkable-stylish": "^1.4.0",
        "eslint-plugin-regexp": "^2.7.0",
        "fast-xml-parser": "^4.5.1",
        "glob": "^10.4.5",
        "globals": "^15.13.0",
        "hereby": "^1.10.0",
        "jsonc-parser": "^3.3.1",
        "knip": "^5.41.0",
        "minimist": "^1.2.8",
        "mocha": "^10.8.2",
        "mocha-fivemat-progress-reporter": "^0.1.0",
        "monocart-coverage-reports": "^2.11.4",
        "ms": "^2.1.3",
        "playwright": "^1.49.1",
        "source-map-support": "^0.5.21",
        "tslib": "^2.8.1",
        "typescript": "^5.7.2",
        "typescript-eslint": "^8.18.1",
        "which": "^3.0.1"
      },
      "engines": {
        "node": ">=14.17"
      }
    },
    "../../node_modules/.pnpm/vue@3.5.25_typescript@5.8.3/node_modules/vue": {
      "version": "3.5.25",
      "license": "MIT",
      "dependencies": {
        "@vue/compiler-dom": "3.5.25",
        "@vue/compiler-sfc": "3.5.25",
        "@vue/runtime-dom": "3.5.25",
        "@vue/server-renderer": "3.5.25",
        "@vue/shared": "3.5.25"
      },
      "peerDependencies": {
        "typescript": "*"
      },
      "peerDependenciesMeta": {
        "typescript": {
          "optional": true
        }
      }
    },
    "node_modules/@nuxt/devtools": {
      "resolved": "../../node_modules/.pnpm/@nuxt+devtools@1.7.0_rollup@4.53.3_vite@7.2.7_vue@3.5.25/node_modules/@nuxt/devtools",
      "link": true
    },
    "node_modules/@nuxtjs/tailwindcss": {
      "resolved": "../../node_modules/.pnpm/@nuxtjs+tailwindcss@6.14.0/node_modules/@nuxtjs/tailwindcss",
      "link": true
    },
    "node_modules/@types/node": {
      "resolved": "../../node_modules/.pnpm/@types+node@20.19.26/node_modules/@types/node",
      "link": true
    },
    "node_modules/autoprefixer": {
      "resolved": "../../node_modules/.pnpm/autoprefixer@10.4.22_postcss@8.5.6/node_modules/autoprefixer",
      "link": true
    },
    "node_modules/nuxt": {
      "resolved": "../../node_modules/.pnpm/nuxt@3.20.2_@types+node@20.19.26_@vue+compiler-sfc@3.5.25_typescript@5.8.3_vite@7.2.7/node_modules/nuxt",
      "link": true
    },
    "node_modules/postcss": {
      "resolved": "../../node_modules/.pnpm/postcss@8.5.6/node_modules/postcss",
      "link": true
    },
    "node_modules/tailwindcss": {
      "resolved": "../../node_modules/.pnpm/tailwindcss@3.4.19/node_modules/tailwindcss",
      "link": true
    },
    "node_modules/typescript": {
      "resolved": "../../node_modules/.pnpm/typescript@5.8.3/node_modules/typescript",
      "link": true
    },
    "node_modules/vue": {
      "resolved": "../../node_modules/.pnpm/vue@3.5.25_typescript@5.8.3/node_modules/vue",
      "link": true
    }
  }
}
